#MicroXplorer Configuration settings - do not modify
Mcu.Family=STM32L0
NVIC.FLASH_IRQn=true\:0\:0\:false\:false\:true\:true\:true
ProjectManager.MainLocation=Core/Src
PA6.Mode=Full_Duplex_Master
RCC.USART1Freq_Value=16000000
ProjectManager.KeepUserCode=true
Mcu.UserName=STM32L052R8Tx
SPI1.VirtualType=VM_MASTER
SPI2.VirtualType=VM_MASTER
RCC.PLLCLKFreq_Value=32000000
PC5.Locked=true
NVIC.PVD_IRQn=true\:0\:0\:false\:false\:true\:true\:true
PB2.GPIO_Speed=GPIO_SPEED_FREQ_MEDIUM
ProjectManager.functionlistsort=1-MX_GPIO_Init-GPIO-false-HAL-true,2-SystemClock_Config-RCC-false-HAL-false,3-MX_RTC_Init-RTC-false-HAL-true,4-MX_SPI2_Init-SPI2-false-HAL-true,5-MX_I2C1_Init-I2C1-false-HAL-true
PA2.GPIO_Speed=GPIO_SPEED_FREQ_MEDIUM
PC6.GPIO_Label=Chip_enable
VP_RTC_VS_RTC_Activate.Mode=RTC_Enabled
RCC.RTCFreq_Value=37000
RCC.USART2Freq_Value=16000000
NVIC.SVC_IRQn=true\:0\:0\:false\:false\:true\:false\:false
PB13.Signal=SPI2_SCK
PB15.Signal=SPI2_MOSI
RCC.48CLKFreq_Value=48000000
PA2.GPIOParameters=GPIO_Speed
PinOutPanel.RotationAngle=0
RCC.SYSCLKSource=RCC_SYSCLKSOURCE_HSI
ProjectManager.StackSize=0x400
Mcu.IP4=SPI1
RCC.FCLKCortexFreq_Value=16000000
Mcu.IP5=SPI2
I2C1.IPParameters=Timing
Mcu.IP2=RCC
Mcu.IP3=RTC
Mcu.IP0=I2C1
Mcu.IP1=NVIC
RCC.PLLDIV=RCC_PLLDIV_3
Mcu.UserConstants=
Mcu.ThirdPartyNb=0
SPI1.Direction=SPI_DIRECTION_2LINES
RCC.HCLKFreq_Value=16000000
Mcu.IPNb=7
ProjectManager.PreviousToolchain=STM32CubeIDE
RCC.APB2TimFreq_Value=16000000
PB6.Signal=GPIO_Output
SPI1.CalculateBaudRate=8.0 MBits/s
Mcu.Pin6=PA7
Mcu.Pin7=PC4
Mcu.Pin8=PC5
Mcu.Pin9=PB2
RCC.AHBFreq_Value=16000000
SPI2.BaudRatePrescaler=SPI_BAUDRATEPRESCALER_8
PB13.Locked=true
Mcu.Pin0=PC14-OSC32_IN
Mcu.Pin1=PC15-OSC32_OUT
GPIO.groupedBy=Group By Peripherals
Mcu.Pin2=PA2
Mcu.Pin3=PA4
Mcu.Pin4=PA5
Mcu.Pin5=PA6
ProjectManager.ProjectBuild=false
RCC.HSE_VALUE=8000000
PB2.Signal=GPIO_Output
PA4.Locked=true
NVIC.SysTick_IRQn=true\:0\:0\:false\:false\:true\:false\:true
RCC.PLLMUL=RCC_PLLMUL_6
PB12.GPIO_Label=slave_select
ProjectManager.FirmwarePackage=STM32Cube FW_L0 V1.12.0
MxDb.Version=DB.6.0.21
ProjectManager.BackupPrevious=false
PC14-OSC32_IN.Mode=LSE-External-Oscillator
PA14.Mode=Serial_Wire
PB14.Mode=Full_Duplex_Master
File.Version=6
SPI2.CalculateBaudRate=2.0 MBits/s
PB7.Signal=GPIO_Output
PB8.Locked=true
PB6.Locked=true
NVIC.PendSV_IRQn=true\:0\:0\:false\:false\:true\:false\:false
ProjectManager.HalAssertFull=false
ProjectManager.ProjectName=temp
PB9.Signal=I2C1_SDA
Mcu.Package=LQFP64
PA6.Signal=SPI1_MISO
PA7.Locked=true
PA5.Locked=true
SPI2.Mode=SPI_MODE_MASTER
PA14.Locked=true
ProjectManager.ToolChainLocation=
RCC.LSI_VALUE=37000
VP_SYS_VS_Systick.Signal=SYS_VS_Systick
RCC.APB1TimFreq_Value=16000000
PC4.Locked=true
SPI2.Direction=SPI_DIRECTION_2LINES
PC5.Signal=GPIO_Input
PB13.Mode=Full_Duplex_Master
ProjectManager.CustomerFirmwarePackage=
PC14-OSC32_IN.Locked=true
RCC.MSIClockRange=RCC_MSIRANGE_6
RCC.HSI48_VALUE=48000000
RCC.LPTIMFreq_Value=16000000
PB15.Locked=true
PA5.Mode=Full_Duplex_Master
RCC.TIMFreq_Value=16000000
PA2.Locked=true
VP_RTC_VS_RTC_Activate.Signal=RTC_VS_RTC_Activate
RCC.MSI_VALUE=4194000
PC15-OSC32_OUT.Mode=LSE-External-Oscillator
ProjectManager.ProjectFileName=temp.ioc
PA7.Mode=Full_Duplex_Master
RCC.48USBFreq_Value=48000000
Mcu.PinsNb=23
ProjectManager.NoMain=false
SPI1.IPParameters=VirtualType,Mode,Direction,CalculateBaudRate
RCC.LPUARTFreq_Value=16000000
PC4.Signal=GPIO_Input
PC6.Signal=GPIO_Output
ProjectManager.DefaultFWLocation=true
PB12.Locked=true
ProjectManager.DeletePrevious=true
PB14.Locked=true
PC14-OSC32_IN.Signal=RCC_OSC32_IN
RCC.TimerFreq_Value=16000000
RCC.FamilyName=M
RCC.WatchDogFreq_Value=37000
PA13.Signal=SYS_SWDIO
RCC.HSI16_VALUE=16000000
NVIC.RCC_CRS_IRQn=true\:0\:0\:false\:false\:true\:true\:false
PC15-OSC32_OUT.Locked=true
ProjectManager.TargetToolchain=STM32CubeIDE
PB9.Mode=I2C
PC6.Locked=true
PB2.GPIOParameters=GPIO_Speed
I2C1.Timing=0x00303D5B
PB9.Locked=true
SPI2.IPParameters=VirtualType,Mode,Direction,CalculateBaudRate,BaudRatePrescaler
ProjectManager.RegisterCallBack=
PC15-OSC32_OUT.Signal=RCC_OSC32_OUT
PB14.Signal=SPI2_MISO
PA5.Signal=SPI1_SCK
RCC.MCOPinFreq_Value=16000000
board=custom
RCC.VCOOutputFreq_Value=96000000
ProjectManager.LastFirmware=true
PB15.Mode=Full_Duplex_Master
RCC.APB2Freq_Value=16000000
MxCube.Version=6.2.1
RCC.I2C1Freq_Value=16000000
SPI1.Mode=SPI_MODE_MASTER
VP_SYS_VS_Systick.Mode=SysTick
NVIC.NonMaskableInt_IRQn=true\:0\:0\:false\:false\:true\:false\:false
PA13.Mode=Serial_Wire
ProjectManager.FreePins=false
RCC.IPParameters=48CLKFreq_Value,48RNGFreq_Value,48USBFreq_Value,AHBFreq_Value,APB1Freq_Value,APB1TimFreq_Value,APB2Freq_Value,APB2TimFreq_Value,FCLKCortexFreq_Value,FamilyName,HCLKFreq_Value,HSE_VALUE,HSI16_VALUE,HSI48_VALUE,HSI_VALUE,I2C1Freq_Value,LPTIMFreq_Value,LPUARTFreq_Value,LSI_VALUE,MCOPinFreq_Value,MSIClockRange,MSI_VALUE,PLLCLKFreq_Value,PLLDIV,PLLMUL,PWRFreq_Value,RTCFreq_Value,RTCHSEDivFreq_Value,SYSCLKFreq_VALUE,SYSCLKSource,TIMFreq_Value,TimerFreq_Value,USART1Freq_Value,USART2Freq_Value,VCOOutputFreq_Value,WatchDogFreq_Value
ProjectManager.AskForMigrate=true
Mcu.Name=STM32L052R(6-8)Tx
RCC.RTCHSEDivFreq_Value=4000000
PA2.Signal=GPIO_Output
ProjectManager.UnderRoot=true
PB2.Locked=true
Mcu.IP6=SYS
ProjectManager.CoupleFile=false
PA4.Signal=GPIO_Output
RCC.SYSCLKFreq_VALUE=16000000
Mcu.Pin22=VP_SYS_VS_Systick
Mcu.Pin20=PB9
Mcu.Pin21=VP_RTC_VS_RTC_Activate
NVIC.ForceEnableDMAVector=true
KeepUserPlacement=false
PA13.Locked=true
ProjectManager.CompilerOptimize=6
PA14.Signal=SYS_SWCLK
ProjectManager.HeapSize=0x200
Mcu.Pin15=PA13
NVIC.HardFault_IRQn=true\:0\:0\:false\:false\:true\:false\:false
Mcu.Pin16=PA14
Mcu.Pin13=PB15
PC6.GPIOParameters=GPIO_Label
Mcu.Pin14=PC6
Mcu.Pin19=PB8
ProjectManager.ComputerToolchain=false
Mcu.Pin17=PB6
RCC.HSI_VALUE=16000000
Mcu.Pin18=PB7
Mcu.Pin11=PB13
Mcu.Pin12=PB14
PB8.Mode=I2C
Mcu.Pin10=PB12
PB7.Locked=true
PB8.Signal=I2C1_SCL
RCC.PWRFreq_Value=16000000
RCC.48RNGFreq_Value=48000000
RCC.APB1Freq_Value=16000000
ProjectManager.DeviceId=STM32L052R8Tx
PB12.GPIOParameters=GPIO_Label
PB12.Signal=GPIO_Output
ProjectManager.LibraryCopy=1
PA7.Signal=SPI1_MOSI
PA6.Locked=true
isbadioc=false
